
Microsoft Visual Studio Solution File, Format Version 12.00
# Visual Studio 15
VisualStudioVersion = 15.0.28307.1062
MinimumVisualStudioVersion = 10.0.40219.1
Project("{FAE04EC0-301F-11D3-BF4B-00C04F79EFBC}") = "MVCWebAPIProducts", "MVCWebAPIProducts\MVCWebAPIProducts.csproj", "{35A50294-6B80-42D2-B103-5C35B91E0B37}"
EndProject
Project("{FAE04EC0-301F-11D3-BF4B-00C04F79EFBC}") = "MVCWebAPIProducts.Domain", "MVCWebAPIProducts.Domain\MVCWebAPIProducts.Domain.csproj", "{9A72D4F6-873C-440A-8CA7-311F9331CFB9}"
EndProject
Global
	GlobalSection(SolutionConfigurationPlatforms) = preSolution
		Debug|Any CPU = Debug|Any CPU
		Release|Any CPU = Release|Any CPU
	EndGlobalSection
	GlobalSection(ProjectConfigurationPlatforms) = postSolution
		{35A50294-6B80-42D2-B103-5C35B91E0B37}.Debug|Any CPU.ActiveCfg = Debug|Any CPU
		{35A50294-6B80-42D2-B103-5C35B91E0B37}.Debug|Any CPU.Build.0 = Debug|Any CPU
		{35A50294-6B80-42D2-B103-5C35B91E0B37}.Release|Any CPU.ActiveCfg = Release|Any CPU
		{35A50294-6B80-42D2-B103-5C35B91E0B37}.Release|Any CPU.Build.0 = Release|Any CPU
		{9A72D4F6-873C-440A-8CA7-311F9331CFB9}.Debug|Any CPU.ActiveCfg = Debug|Any CPU
		{9A72D4F6-873C-440A-8CA7-311F9331CFB9}.Debug|Any CPU.Build.0 = Debug|Any CPU
		{9A72D4F6-873C-440A-8CA7-311F9331CFB9}.Release|Any CPU.ActiveCfg = Release|Any CPU
		{9A72D4F6-873C-440A-8CA7-311F9331CFB9}.Release|Any CPU.Build.0 = Release|Any CPU
	EndGlobalSection
	GlobalSection(SolutionProperties) = preSolution
		HideSolutionNode = FALSE
	EndGlobalSection
	GlobalSection(ExtensibilityGlobals) = postSolution
		SolutionGuid = {374E1855-8115-49EA-B7BA-74CC465D9F9E}
		EnterpriseLibraryConfigurationToolBinariesPath = packages\Unity.2.1.505.0\lib\NET35
	EndGlobalSection
EndGlobal
